
Microsoft Visual Studio Solution File, Format Version 12.00
# Visual Studio Version 17
VisualStudioVersion = 17.8.34408.163
MinimumVisualStudioVersion = 10.0.40219.1
Project("{FAE04EC0-301F-11D3-BF4B-00C04F79EFBC}") = "diceapp", "diceapp.csproj", "{5C12E289-1D30-476D-BB5D-85CE1E6CA8E7}"
EndProject
Global
	GlobalSection(SolutionConfigurationPlatforms) = preSolution
		Debug|Any CPU = Debug|Any CPU
		Release|Any CPU = Release|Any CPU
	EndGlobalSection
	GlobalSection(ProjectConfigurationPlatforms) = postSolution
		{5C12E289-1D30-476D-BB5D-85CE1E6CA8E7}.Debug|Any CPU.ActiveCfg = Debug|Any CPU
		{5C12E289-1D30-476D-BB5D-85CE1E6CA8E7}.Debug|Any CPU.Build.0 = Debug|Any CPU
		{5C12E289-1D30-476D-BB5D-85CE1E6CA8E7}.Release|Any CPU.ActiveCfg = Release|Any CPU
		{5C12E289-1D30-476D-BB5D-85CE1E6CA8E7}.Release|Any CPU.Build.0 = Release|Any CPU
	EndGlobalSection
	GlobalSection(SolutionProperties) = preSolution
		HideSolutionNode = FALSE
	EndGlobalSection
	GlobalSection(ExtensibilityGlobals) = postSolution
		SolutionGuid = {7A165218-32D9-4D26-89B2-FD124974C828}
	EndGlobalSection
EndGlobal
